
Microsoft Visual Studio Solution File, Format Version 12.00
# Visual Studio Version 17
VisualStudioVersion = 17.11.35312.102
MinimumVisualStudioVersion = 10.0.40219.1
Project("{9A19103F-16F7-4668-BE54-9A1E7A4F7556}") = "TheWitcher", "TheWitcher\TheWitcher.csproj", "{AD0B4730-DD90-40A9-B9B7-C6754C8CBB91}"
EndProject
Project("{9A19103F-16F7-4668-BE54-9A1E7A4F7556}") = "TheWitcher.Data", "TheWitcher.Data\TheWitcher.Data.csproj", "{28086D9C-44C7-4107-A4DD-F0C38EDAADAF}"
EndProject
Project("{FAE04EC0-301F-11D3-BF4B-00C04F79EFBC}") = "TheWitcher.Tests", "TheWitcher.Tests\TheWitcher.Tests.csproj", "{FE4C078B-582C-46E6-9860-5281CF090EED}"
EndProject
Global
	GlobalSection(SolutionConfigurationPlatforms) = preSolution
		Debug|Any CPU = Debug|Any CPU
		Release|Any CPU = Release|Any CPU
	EndGlobalSection
	GlobalSection(ProjectConfigurationPlatforms) = postSolution
		{AD0B4730-DD90-40A9-B9B7-C6754C8CBB91}.Debug|Any CPU.ActiveCfg = Debug|Any CPU
		{AD0B4730-DD90-40A9-B9B7-C6754C8CBB91}.Debug|Any CPU.Build.0 = Debug|Any CPU
		{AD0B4730-DD90-40A9-B9B7-C6754C8CBB91}.Release|Any CPU.ActiveCfg = Release|Any CPU
		{AD0B4730-DD90-40A9-B9B7-C6754C8CBB91}.Release|Any CPU.Build.0 = Release|Any CPU
		{28086D9C-44C7-4107-A4DD-F0C38EDAADAF}.Debug|Any CPU.ActiveCfg = Debug|Any CPU
		{28086D9C-44C7-4107-A4DD-F0C38EDAADAF}.Debug|Any CPU.Build.0 = Debug|Any CPU
		{28086D9C-44C7-4107-A4DD-F0C38EDAADAF}.Release|Any CPU.ActiveCfg = Release|Any CPU
		{28086D9C-44C7-4107-A4DD-F0C38EDAADAF}.Release|Any CPU.Build.0 = Release|Any CPU
		{FE4C078B-582C-46E6-9860-5281CF090EED}.Debug|Any CPU.ActiveCfg = Debug|Any CPU
		{FE4C078B-582C-46E6-9860-5281CF090EED}.Debug|Any CPU.Build.0 = Debug|Any CPU
		{FE4C078B-582C-46E6-9860-5281CF090EED}.Release|Any CPU.ActiveCfg = Release|Any CPU
		{FE4C078B-582C-46E6-9860-5281CF090EED}.Release|Any CPU.Build.0 = Release|Any CPU
	EndGlobalSection
	GlobalSection(SolutionProperties) = preSolution
		HideSolutionNode = FALSE
	EndGlobalSection
	GlobalSection(ExtensibilityGlobals) = postSolution
		SolutionGuid = {35898AB2-826E-4D6D-88EC-9EF21ABED911}
	EndGlobalSection
EndGlobal
